github.com/fkmatsuda-dev/commons v1.0.0 h1:bQ4Q3OoOog4V1Nsr78vWUIuY3Nitx59BJ3btb3w795Y=
github.com/fkmatsuda-dev/commons v1.0.0/go.mod h1:/osbYLIG9J4Ch1Q16RH7umr1y3F83eyz+TjT12yFUSQ=
github.com/fkmatsuda-dev/env v1.1.0 h1:ZBQepd08h0H7RnP/3NgWykOAkfB+jI8FuVj+xYTU+Uc=
github.com/fkmatsuda-dev/env v1.1.0/go.mod h1:3HzIF6xaGOL3oc+nGLDe1pqqCTADWs+uymvQHoZ1s0c=
